<?xml version="1.0" encoding="utf-8"?>
<Project ToolsVersion="4.0" xmlns="http://schemas.microsoft.com/developer/msbuild/2003">
  <ItemGroup>
    <ClCompile Include="main.cpp" />
    <ClCompile Include="Src\Common\Point2.cpp" />
    <ClCompile Include="Src\Manager\AnimatedEntity.cpp" />
    <ClCompile Include="Src\Manager\Entity.cpp" />
    <ClCompile Include="Src\Manager\Game.cpp" />
    <ClCompile Include="Src\Manager\PlayerController.cpp" />
    <ClCompile Include="Src\Manager\Registry\PokemonRegistry.cpp" />
    <ClCompile Include="Src\Manager\Resource\ResourceManager.cpp" />
    <ClCompile Include="Src\Map\Map.cpp" />
    <ClCompile Include="Src\Manager\Registry\PokedexEntry.cpp" />
    <ClCompile Include="Src\States\StateSettingsMenu.cpp" />
    <ClCompile Include="Src\States\StateCombat.cpp" />
    <ClCompile Include="Src\States\StateLevel.cpp" />
    <ClCompile Include="Src\States\StateMainMenu.cpp" />
    <ClCompile Include="Src\Tiles\Tile.cpp" />
    <ClCompile Include="Src\UI\UIMainMenu.cpp" />
    <ClCompile Include="Src\Manager\State\State.cpp" />
    <ClCompile Include="Src\Manager\UI\Panel.cpp" />
    <ClCompile Include="Src\Manager\UI\Text.cpp" />
    <ClCompile Include="Src\Manager\UI\UI.cpp" />
    <ClCompile Include="Src\Manager\UI\Widget.cpp" />
    <ClCompile Include="Src\UI\UISettingsMenu.cpp" />
    <ClCompile Include="Src\Manager\Audio\MusicManager.cpp" />
    <ClCompile Include="Src\Manager\Audio\SoundManager.cpp" />
  </ItemGroup>
  <ItemGroup>
    <ClInclude Include="Src\Common\Point2.h" />
    <ClInclude Include="Src\Manager\AnimatedEntity.h" />
    <ClInclude Include="Src\Manager\Entity.h" />
    <ClInclude Include="Src\Manager\Game.h" />
    <ClInclude Include="Src\Manager\Registry\PokemonRegistry.h" />
    <ClInclude Include="Src\Manager\Resource\ResourceManager.h" />
    <ClInclude Include="Src\Manager\SpriteConfig.h" />
    <ClInclude Include="Src\Manager\PlayerController.h" />
    <ClInclude Include="Src\Map\Map.h" />
    <ClInclude Include="Src\Manager\Registry\PokedexEntry.h" />
    <ClInclude Include="Src\States\StateCombat.h" />
    <ClInclude Include="Src\States\StateLevel.h" />
    <ClInclude Include="Src\States\StateMainMenu.h" />
    <ClInclude Include="Src\Tiles\Tile.h" />
    <ClInclude Include="Src\States\StateSettingsMenu.h" />
    <ClInclude Include="Src\UI\UIMainMenu.h" />
    <ClInclude Include="Src\Manager\State\State.h" />
    <ClInclude Include="Src\Manager\UI\Panel.h" />
    <ClInclude Include="Src\Manager\UI\Text.h" />
    <ClInclude Include="Src\Manager\UI\UI.h" />
    <ClInclude Include="Src\Manager\UI\Widget.h" />
    <ClInclude Include="Src\UI\UISettingsMenu.h" />
    <ClInclude Include="Src\Manager\Audio\MusicManager.h" />
    <ClInclude Include="Src\Manager\Audio\SoundManager.h" />
  </ItemGroup>
  <ItemGroup>
    <Image Include="Assets\Sprites\Dave.png" />
    <Image Include="Assets\Sprites\Game Boy GBC - Pokemon Gold Silver - Characters Overworld.png" />
    <Image Include="Assets\Sprites\player.png" />
  </ItemGroup>
  <ItemGroup>
    <Text Include="Src\Manager\Save\Maps.txt" />
    <Text Include="Src\Manager\Save\Tiles.txt" />
  </ItemGroup>
  <ItemGroup>
    <Media Include="Assets\Music\main-menu-theme.wav" />
  </ItemGroup>
</Project>